
Microsoft Visual Studio Solution File, Format Version 12.00
# Visual Studio Version 17
VisualStudioVersion = 17.8.34322.80
MinimumVisualStudioVersion = 10.0.40219.1
Project("{FAE04EC0-301F-11D3-BF4B-00C04F79EFBC}") = "KeywordSolverForms", "KeywordSolverForms.csproj", "{97D1A699-774D-4A63-A31C-89C3ECE44A8F}"
EndProject
Global
	GlobalSection(SolutionConfigurationPlatforms) = preSolution
		Debug|Any CPU = Debug|Any CPU
		Release|Any CPU = Release|Any CPU
	EndGlobalSection
	GlobalSection(ProjectConfigurationPlatforms) = postSolution
		{97D1A699-774D-4A63-A31C-89C3ECE44A8F}.Debug|Any CPU.ActiveCfg = Debug|Any CPU
		{97D1A699-774D-4A63-A31C-89C3ECE44A8F}.Debug|Any CPU.Build.0 = Debug|Any CPU
		{97D1A699-774D-4A63-A31C-89C3ECE44A8F}.Release|Any CPU.ActiveCfg = Release|Any CPU
		{97D1A699-774D-4A63-A31C-89C3ECE44A8F}.Release|Any CPU.Build.0 = Release|Any CPU
	EndGlobalSection
	GlobalSection(SolutionProperties) = preSolution
		HideSolutionNode = FALSE
	EndGlobalSection
	GlobalSection(ExtensibilityGlobals) = postSolution
		SolutionGuid = {E8797AE4-9A1C-416C-97C1-C3F744485736}
	EndGlobalSection
EndGlobal
